
Microsoft Visual Studio Solution File, Format Version 12.00
# Visual Studio Version 17
VisualStudioVersion = 17.4.33205.214
MinimumVisualStudioVersion = 10.0.40219.1
Project("{FAE04EC0-301F-11D3-BF4B-00C04F79EFBC}") = "Alphabet Blocks", "Alphabet Blocks\Alphabet Blocks.csproj", "{5BD15EFD-2EBA-46D6-A7C1-9238728F8CAC}"
EndProject
Global
	GlobalSection(SolutionConfigurationPlatforms) = preSolution
		Debug|Any CPU = Debug|Any CPU
		Release|Any CPU = Release|Any CPU
	EndGlobalSection
	GlobalSection(ProjectConfigurationPlatforms) = postSolution
		{5BD15EFD-2EBA-46D6-A7C1-9238728F8CAC}.Debug|Any CPU.ActiveCfg = Debug|Any CPU
		{5BD15EFD-2EBA-46D6-A7C1-9238728F8CAC}.Debug|Any CPU.Build.0 = Debug|Any CPU
		{5BD15EFD-2EBA-46D6-A7C1-9238728F8CAC}.Release|Any CPU.ActiveCfg = Release|Any CPU
		{5BD15EFD-2EBA-46D6-A7C1-9238728F8CAC}.Release|Any CPU.Build.0 = Release|Any CPU
	EndGlobalSection
	GlobalSection(SolutionProperties) = preSolution
		HideSolutionNode = FALSE
	EndGlobalSection
	GlobalSection(ExtensibilityGlobals) = postSolution
		SolutionGuid = {74D2A2A4-9A69-472A-BDDB-F7ECBB9CD720}
	EndGlobalSection
EndGlobal
